
Microsoft Visual Studio Solution File, Format Version 12.00
# Visual Studio Version 17
VisualStudioVersion = 17.7.34024.191
MinimumVisualStudioVersion = 10.0.40219.1
Project("{FAE04EC0-301F-11D3-BF4B-00C04F79EFBC}") = "jsonBooks", "jsonBooks\jsonBooks.csproj", "{488C17B0-967A-4192-A92B-1FAA5A5B3034}"
EndProject
Global
	GlobalSection(SolutionConfigurationPlatforms) = preSolution
		Debug|Any CPU = Debug|Any CPU
		Release|Any CPU = Release|Any CPU
	EndGlobalSection
	GlobalSection(ProjectConfigurationPlatforms) = postSolution
		{488C17B0-967A-4192-A92B-1FAA5A5B3034}.Debug|Any CPU.ActiveCfg = Debug|Any CPU
		{488C17B0-967A-4192-A92B-1FAA5A5B3034}.Debug|Any CPU.Build.0 = Debug|Any CPU
		{488C17B0-967A-4192-A92B-1FAA5A5B3034}.Release|Any CPU.ActiveCfg = Release|Any CPU
		{488C17B0-967A-4192-A92B-1FAA5A5B3034}.Release|Any CPU.Build.0 = Release|Any CPU
	EndGlobalSection
	GlobalSection(SolutionProperties) = preSolution
		HideSolutionNode = FALSE
	EndGlobalSection
	GlobalSection(ExtensibilityGlobals) = postSolution
		SolutionGuid = {38B57B05-2B16-4D84-8CE7-8FB49E01E924}
	EndGlobalSection
EndGlobal
